
Microsoft Visual Studio Solution File, Format Version 12.00
# Visual Studio Version 17
VisualStudioVersion = 17.7.34024.191
MinimumVisualStudioVersion = 10.0.40219.1
Project("{FAE04EC0-301F-11D3-BF4B-00C04F79EFBC}") = "nCucumberSpec", "nCucumberSpec\nCucumberSpec.csproj", "{0943425B-9272-4FBC-BC8E-AC83DBBFBCB8}"
EndProject
Project("{FAE04EC0-301F-11D3-BF4B-00C04F79EFBC}") = "nCucumberSpec.Tests", "nCucumberSpec.Tests\nCucumberSpec.Tests.csproj", "{A5C5B461-708F-424A-A197-C3BB87746D1D}"
EndProject
Project("{FAE04EC0-301F-11D3-BF4B-00C04F79EFBC}") = "nCucumberSpec.Gherkin.Parser", "nCucumberSpec.Gherkin.Parser\nCucumberSpec.Gherkin.Parser.csproj", "{7DDC6D79-BA53-483F-9CAF-E5D9230C9964}"
EndProject
Global
	GlobalSection(SolutionConfigurationPlatforms) = preSolution
		Debug|Any CPU = Debug|Any CPU
		Release|Any CPU = Release|Any CPU
	EndGlobalSection
	GlobalSection(ProjectConfigurationPlatforms) = postSolution
		{0943425B-9272-4FBC-BC8E-AC83DBBFBCB8}.Debug|Any CPU.ActiveCfg = Debug|Any CPU
		{0943425B-9272-4FBC-BC8E-AC83DBBFBCB8}.Debug|Any CPU.Build.0 = Debug|Any CPU
		{0943425B-9272-4FBC-BC8E-AC83DBBFBCB8}.Release|Any CPU.ActiveCfg = Release|Any CPU
		{0943425B-9272-4FBC-BC8E-AC83DBBFBCB8}.Release|Any CPU.Build.0 = Release|Any CPU
		{A5C5B461-708F-424A-A197-C3BB87746D1D}.Debug|Any CPU.ActiveCfg = Debug|Any CPU
		{A5C5B461-708F-424A-A197-C3BB87746D1D}.Debug|Any CPU.Build.0 = Debug|Any CPU
		{A5C5B461-708F-424A-A197-C3BB87746D1D}.Release|Any CPU.ActiveCfg = Release|Any CPU
		{A5C5B461-708F-424A-A197-C3BB87746D1D}.Release|Any CPU.Build.0 = Release|Any CPU
		{7DDC6D79-BA53-483F-9CAF-E5D9230C9964}.Debug|Any CPU.ActiveCfg = Debug|Any CPU
		{7DDC6D79-BA53-483F-9CAF-E5D9230C9964}.Debug|Any CPU.Build.0 = Debug|Any CPU
		{7DDC6D79-BA53-483F-9CAF-E5D9230C9964}.Release|Any CPU.ActiveCfg = Release|Any CPU
		{7DDC6D79-BA53-483F-9CAF-E5D9230C9964}.Release|Any CPU.Build.0 = Release|Any CPU
	EndGlobalSection
	GlobalSection(SolutionProperties) = preSolution
		HideSolutionNode = FALSE
	EndGlobalSection
	GlobalSection(ExtensibilityGlobals) = postSolution
		SolutionGuid = {2A4B5CBE-E34B-48EC-9120-AA715B51C46D}
	EndGlobalSection
EndGlobal
